
Microsoft Visual Studio Solution File, Format Version 12.00
# Visual Studio 15
VisualStudioVersion = 15.0.27703.2026
MinimumVisualStudioVersion = 10.0.40219.1
Project("{FAE04EC0-301F-11D3-BF4B-00C04F79EFBC}") = "SimUDuck", "SimUDuck\SimUDuck.csproj", "{DA283F0C-AEF9-4D61-8BDF-5F1E4F145908}"
EndProject
Global
	GlobalSection(SolutionConfigurationPlatforms) = preSolution
		Debug|Any CPU = Debug|Any CPU
		Release|Any CPU = Release|Any CPU
	EndGlobalSection
	GlobalSection(ProjectConfigurationPlatforms) = postSolution
		{DA283F0C-AEF9-4D61-8BDF-5F1E4F145908}.Debug|Any CPU.ActiveCfg = Debug|Any CPU
		{DA283F0C-AEF9-4D61-8BDF-5F1E4F145908}.Debug|Any CPU.Build.0 = Debug|Any CPU
		{DA283F0C-AEF9-4D61-8BDF-5F1E4F145908}.Release|Any CPU.ActiveCfg = Release|Any CPU
		{DA283F0C-AEF9-4D61-8BDF-5F1E4F145908}.Release|Any CPU.Build.0 = Release|Any CPU
	EndGlobalSection
	GlobalSection(SolutionProperties) = preSolution
		HideSolutionNode = FALSE
	EndGlobalSection
	GlobalSection(ExtensibilityGlobals) = postSolution
		SolutionGuid = {6627090C-7236-4CEC-BA30-A9CE295DF07B}
	EndGlobalSection
EndGlobal
